{
  "nodes": {
    "nixpkgs": {
      "locked": {
        "lastModified": 1781577229,
        "narHash": "sha256-lrp67w8AulE9Ks53n27I45ADSzbOCn4H+CNW1Ck8B+8=",
        "owner": "NixOS",
        "repo": "nixpkgs",
        "rev": "567a49d1913ce81ac6e9582e3553dd90a955875f",
        "type": "github"
      },
      "original": {
        "owner": "NixOS",
        "ref": "nixos-unstable",
        "repo": "nixpkgs",
        "type": "github"
      }
    },
    "replxx": {
      "flake": false,
      "locked": {
        "lastModified": 1637835538,
        "narHash": "sha256-rXjNicE0Ed5Lwyyv61QAWhDuxIv4208u7//MK67uexc=",
        "owner": "AmokHuginnsson",
        "repo": "replxx",
        "rev": "1f149bfe20bf6e49c1afd4154eaf0032c8c2fda2",
        "type": "github"
      },
      "original": {
        "owner": "AmokHuginnsson",
        "repo": "replxx",
        "type": "github"
      }
    },
    "root": {
      "inputs": {
        "nixpkgs": "nixpkgs",
        "replxx": "replxx",
        "stdexec": "stdexec"
      }
    },
    "stdexec": {
      "flake": false,
      "locked": {
        "lastModified": 1781707300,
        "narHash": "sha256-tZD83+sgy9p719HL/Ee1RjjuCNo27k4sTTYbzbT2rc4=",
        "owner": "NVIDIA",
        "repo": "stdexec",
        "rev": "189aac04dffde8796700f98a0df4b8ebf971197c",
        "type": "github"
      },
      "original": {
        "owner": "NVIDIA",
        "repo": "stdexec",
        "type": "github"
      }
    }
  },
  "root": "root",
  "version": 7
}
